// !$*UTF8*$!
{
	archiveVersion = 1;
	classes = {
	};
	objectVersion = 48;
	objects = {

/* Begin PBXBuildFile section */
		A21AEC1E20BB9AB7007180C1 /* FuelStopsDataManagerContract.swift in Sources */ = {isa = PBXBuildFile; fileRef = A21AEC1D20BB9AB6007180C1 /* FuelStopsDataManagerContract.swift */; };
		A21AEC2020BB9B76007180C1 /* MockFuelStopsDataManager.swift in Sources */ = {isa = PBXBuildFile; fileRef = A21AEC1F20BB9B76007180C1 /* MockFuelStopsDataManager.swift */; };
		A21AEC2120BB9BB1007180C1 /* CloudKit.framework in Frameworks */ = {isa = PBXBuildFile; fileRef = A2435C5B2055ABEB00EC990F /* CloudKit.framework */; };
		A21AEC2220BB9BBB007180C1 /* CoreLocation.framework in Frameworks */ = {isa = PBXBuildFile; fileRef = A276BE81200C6FB20069CCA8 /* CoreLocation.framework */; };
		A21AEC2320BB9BD4007180C1 /* RxCocoa.framework in Frameworks */ = {isa = PBXBuildFile; fileRef = A2E7B8F72058D6B6002BCC12 /* RxCocoa.framework */; };
		A21AEC2420BB9BD4007180C1 /* RxSwift.framework in Frameworks */ = {isa = PBXBuildFile; fileRef = A2E7B8F62058D6B5002BCC12 /* RxSwift.framework */; };
		A21AEC2620BB9C22007180C1 /* RxBlocking.framework in Frameworks */ = {isa = PBXBuildFile; fileRef = A2E7B8F52058D6B5002BCC12 /* RxBlocking.framework */; };
		A22334E12277F6930091FEA9 /* Swinject.framework in Frameworks */ = {isa = PBXBuildFile; fileRef = A22334DF2277F6920091FEA9 /* Swinject.framework */; };
		A22334E22277F6930091FEA9 /* SwinjectAutoregistration.framework in Frameworks */ = {isa = PBXBuildFile; fileRef = A22334E02277F6930091FEA9 /* SwinjectAutoregistration.framework */; };
		A22D93E12016D8FC008D6254 /* StopDetailPresentationController.swift in Sources */ = {isa = PBXBuildFile; fileRef = A22D93E02016D8FC008D6254 /* StopDetailPresentationController.swift */; };
		A22D93E32016D9CC008D6254 /* StopDetailPresentationManager.swift in Sources */ = {isa = PBXBuildFile; fileRef = A22D93E22016D9CC008D6254 /* StopDetailPresentationManager.swift */; };
		A22D93E52016E0C4008D6254 /* StopDetailPresentationAnimator.swift in Sources */ = {isa = PBXBuildFile; fileRef = A22D93E42016E0C4008D6254 /* StopDetailPresentationAnimator.swift */; };
		A23D59022293AAF3002CAEEF /* AddStopTests.swift in Sources */ = {isa = PBXBuildFile; fileRef = A23D59012293AAF3002CAEEF /* AddStopTests.swift */; };
		A2435C5C2055ABEB00EC990F /* CloudKit.framework in Frameworks */ = {isa = PBXBuildFile; fileRef = A2435C5B2055ABEB00EC990F /* CloudKit.framework */; };
		A2435C5E2055D6EA00EC990F /* FuelStop.swift in Sources */ = {isa = PBXBuildFile; fileRef = A2435C5D2055D6EA00EC990F /* FuelStop.swift */; };
		A250C6B21FECB0230025A962 /* OverviewStopTableCell.swift in Sources */ = {isa = PBXBuildFile; fileRef = A250C6B11FECB0230025A962 /* OverviewStopTableCell.swift */; };
		A25DDFFB201AEB84000F34CB /* FABView.swift in Sources */ = {isa = PBXBuildFile; fileRef = A25DDFFA201AEB84000F34CB /* FABView.swift */; };
		A266444F1FD3269A000DDFED /* FuelStopsDataManager.swift in Sources */ = {isa = PBXBuildFile; fileRef = A266444E1FD3269A000DDFED /* FuelStopsDataManager.swift */; };
		A26B1FE9203CFB1000E5BA22 /* MockOverviewContractView.swift in Sources */ = {isa = PBXBuildFile; fileRef = A26B1FE8203CFB1000E5BA22 /* MockOverviewContractView.swift */; };
		A26E5EE11FD4CF8700865521 /* 2016-VW-Jetta-Fuel-Tracking.csv in Resources */ = {isa = PBXBuildFile; fileRef = A26E5EE01FD4CF8700865521 /* 2016-VW-Jetta-Fuel-Tracking.csv */; };
		A26FCEAE21AF95D100D9CE41 /* CKDatabase+Rx.swift in Sources */ = {isa = PBXBuildFile; fileRef = A26FCEAD21AF95D100D9CE41 /* CKDatabase+Rx.swift */; };
		A275AC6B203E7D9100DC6CF4 /* MockAddStopContractView.swift in Sources */ = {isa = PBXBuildFile; fileRef = A275AC6A203E7D9100DC6CF4 /* MockAddStopContractView.swift */; };
		A276BE82200C6FB20069CCA8 /* CoreLocation.framework in Frameworks */ = {isa = PBXBuildFile; fileRef = A276BE81200C6FB20069CCA8 /* CoreLocation.framework */; };
		A27BC0DA2018575D00E94BD2 /* Extensions.swift in Sources */ = {isa = PBXBuildFile; fileRef = A27BC0D92018575D00E94BD2 /* Extensions.swift */; };
		A2A69BE1200DB595006DBED8 /* StopDetailViewController.swift in Sources */ = {isa = PBXBuildFile; fileRef = A2A69BE0200DB595006DBED8 /* StopDetailViewController.swift */; };
		A2AB951E202E82EE0012D8B4 /* AddStopContract.swift in Sources */ = {isa = PBXBuildFile; fileRef = A2AB951D202E82EE0012D8B4 /* AddStopContract.swift */; };
		A2AB9520202E84410012D8B4 /* AddStopPresenter.swift in Sources */ = {isa = PBXBuildFile; fileRef = A2AB951F202E84410012D8B4 /* AddStopPresenter.swift */; };
		A2B7C89B1FC526100012167F /* AppDelegate.swift in Sources */ = {isa = PBXBuildFile; fileRef = A2B7C89A1FC526100012167F /* AppDelegate.swift */; };
		A2B7C89D1FC526100012167F /* OverviewViewController.swift in Sources */ = {isa = PBXBuildFile; fileRef = A2B7C89C1FC526100012167F /* OverviewViewController.swift */; };
		A2B7C89F1FC526100012167F /* AddStopViewController.swift in Sources */ = {isa = PBXBuildFile; fileRef = A2B7C89E1FC526100012167F /* AddStopViewController.swift */; };
		A2B7C8A21FC526100012167F /* Main.storyboard in Resources */ = {isa = PBXBuildFile; fileRef = A2B7C8A01FC526100012167F /* Main.storyboard */; };
		A2B7C8A41FC526100012167F /* Assets.xcassets in Resources */ = {isa = PBXBuildFile; fileRef = A2B7C8A31FC526100012167F /* Assets.xcassets */; };
		A2B7C8A71FC526100012167F /* LaunchScreen.storyboard in Resources */ = {isa = PBXBuildFile; fileRef = A2B7C8A51FC526100012167F /* LaunchScreen.storyboard */; };
		A2B7C8B21FC526100012167F /* FuelTests.swift in Sources */ = {isa = PBXBuildFile; fileRef = A2B7C8B11FC526100012167F /* FuelTests.swift */; };
		A2B7C8BD1FC526100012167F /* FuelUITests.swift in Sources */ = {isa = PBXBuildFile; fileRef = A2B7C8BC1FC526100012167F /* FuelUITests.swift */; };
		A2C842F11FEF5B330068BFAC /* OverviewContract.swift in Sources */ = {isa = PBXBuildFile; fileRef = A2C842F01FEF5B330068BFAC /* OverviewContract.swift */; };
		A2E7B8F92058D6B6002BCC12 /* RxBlocking.framework in Frameworks */ = {isa = PBXBuildFile; fileRef = A2E7B8F52058D6B5002BCC12 /* RxBlocking.framework */; };
		A2E7B8FA2058D6B6002BCC12 /* RxSwift.framework in Frameworks */ = {isa = PBXBuildFile; fileRef = A2E7B8F62058D6B5002BCC12 /* RxSwift.framework */; };
		A2E7B8FB2058D6B6002BCC12 /* RxCocoa.framework in Frameworks */ = {isa = PBXBuildFile; fileRef = A2E7B8F72058D6B6002BCC12 /* RxCocoa.framework */; };
		A2EFB6291FEB60A300AE7A98 /* OverviewPresenter.swift in Sources */ = {isa = PBXBuildFile; fileRef = A2EFB6281FEB60A300AE7A98 /* OverviewPresenter.swift */; };
/* End PBXBuildFile section */

/* Begin PBXContainerItemProxy section */
		A2B7C8AE1FC526100012167F /* PBXContainerItemProxy */ = {
			isa = PBXContainerItemProxy;
			containerPortal = A2B7C88F1FC526100012167F /* Project object */;
			proxyType = 1;
			remoteGlobalIDString = A2B7C8961FC526100012167F;
			remoteInfo = Fuel;
		};
		A2B7C8B91FC526100012167F /* PBXContainerItemProxy */ = {
			isa = PBXContainerItemProxy;
			containerPortal = A2B7C88F1FC526100012167F /* Project object */;
			proxyType = 1;
			remoteGlobalIDString = A2B7C8961FC526100012167F;
			remoteInfo = Fuel;
		};
/* End PBXContainerItemProxy section */

/* Begin PBXFileReference section */
		A21AEC1D20BB9AB6007180C1 /* FuelStopsDataManagerContract.swift */ = {isa = PBXFileReference; fileEncoding = 4; lastKnownFileType = sourcecode.swift; path = FuelStopsDataManagerContract.swift; sourceTree = "<group>"; };
		A21AEC1F20BB9B76007180C1 /* MockFuelStopsDataManager.swift */ = {isa = PBXFileReference; fileEncoding = 4; lastKnownFileType = sourcecode.swift; path = MockFuelStopsDataManager.swift; sourceTree = "<group>"; };
		A220B211215F47FA002DF784 /* UIKit.framework */ = {isa = PBXFileReference; lastKnownFileType = wrapper.framework; name = UIKit.framework; path = System/Library/Frameworks/UIKit.framework; sourceTree = SDKROOT; };
		A22334DF2277F6920091FEA9 /* Swinject.framework */ = {isa = PBXFileReference; lastKnownFileType = wrapper.framework; name = Swinject.framework; path = Carthage/Build/iOS/Swinject.framework; sourceTree = "<group>"; };
		A22334E02277F6930091FEA9 /* SwinjectAutoregistration.framework */ = {isa = PBXFileReference; lastKnownFileType = wrapper.framework; name = SwinjectAutoregistration.framework; path = Carthage/Build/iOS/SwinjectAutoregistration.framework; sourceTree = "<group>"; };
		A22D93E02016D8FC008D6254 /* StopDetailPresentationController.swift */ = {isa = PBXFileReference; lastKnownFileType = sourcecode.swift; path = StopDetailPresentationController.swift; sourceTree = "<group>"; };
		A22D93E22016D9CC008D6254 /* StopDetailPresentationManager.swift */ = {isa = PBXFileReference; lastKnownFileType = sourcecode.swift; path = StopDetailPresentationManager.swift; sourceTree = "<group>"; };
		A22D93E42016E0C4008D6254 /* StopDetailPresentationAnimator.swift */ = {isa = PBXFileReference; lastKnownFileType = sourcecode.swift; path = StopDetailPresentationAnimator.swift; sourceTree = "<group>"; };
		A231CA1A20E33BC500DCB275 /* RxCloudKit.framework */ = {isa = PBXFileReference; lastKnownFileType = wrapper.framework; name = RxCloudKit.framework; path = Carthage/Build/iOS/RxCloudKit.framework; sourceTree = "<group>"; };
		A23D59012293AAF3002CAEEF /* AddStopTests.swift */ = {isa = PBXFileReference; lastKnownFileType = sourcecode.swift; path = AddStopTests.swift; sourceTree = "<group>"; };
		A242C26B20A13F0300C46F78 /* LICENSES.md */ = {isa = PBXFileReference; lastKnownFileType = net.daringfireball.markdown; path = LICENSES.md; sourceTree = "<group>"; };
		A2435C5A2055ABAD00EC990F /* Fuel.entitlements */ = {isa = PBXFileReference; lastKnownFileType = text.plist.entitlements; path = Fuel.entitlements; sourceTree = "<group>"; };
		A2435C5B2055ABEB00EC990F /* CloudKit.framework */ = {isa = PBXFileReference; lastKnownFileType = wrapper.framework; name = CloudKit.framework; path = System/Library/Frameworks/CloudKit.framework; sourceTree = SDKROOT; };
		A2435C5D2055D6EA00EC990F /* FuelStop.swift */ = {isa = PBXFileReference; lastKnownFileType = sourcecode.swift; path = FuelStop.swift; sourceTree = "<group>"; };
		A250C6B11FECB0230025A962 /* OverviewStopTableCell.swift */ = {isa = PBXFileReference; lastKnownFileType = sourcecode.swift; path = OverviewStopTableCell.swift; sourceTree = "<group>"; };
		A25DDFFA201AEB84000F34CB /* FABView.swift */ = {isa = PBXFileReference; lastKnownFileType = sourcecode.swift; path = FABView.swift; sourceTree = "<group>"; };
		A266444E1FD3269A000DDFED /* FuelStopsDataManager.swift */ = {isa = PBXFileReference; lastKnownFileType = sourcecode.swift; path = FuelStopsDataManager.swift; sourceTree = "<group>"; };
		A26644501FD32883000DDFED /* CoreData.framework */ = {isa = PBXFileReference; lastKnownFileType = wrapper.framework; name = CoreData.framework; path = System/Library/Frameworks/CoreData.framework; sourceTree = SDKROOT; };
		A26B1FE8203CFB1000E5BA22 /* MockOverviewContractView.swift */ = {isa = PBXFileReference; lastKnownFileType = sourcecode.swift; path = MockOverviewContractView.swift; sourceTree = "<group>"; };
		A26E5EE01FD4CF8700865521 /* 2016-VW-Jetta-Fuel-Tracking.csv */ = {isa = PBXFileReference; fileEncoding = 4; lastKnownFileType = text; path = "2016-VW-Jetta-Fuel-Tracking.csv"; sourceTree = "<group>"; };
		A26FA50E207DA78500E8AE81 /* SkyFloatingLabelTextField.framework */ = {isa = PBXFileReference; lastKnownFileType = wrapper.framework; name = SkyFloatingLabelTextField.framework; path = Carthage/Build/iOS/SkyFloatingLabelTextField.framework; sourceTree = "<group>"; };
		A26FCEAD21AF95D100D9CE41 /* CKDatabase+Rx.swift */ = {isa = PBXFileReference; lastKnownFileType = sourcecode.swift; path = "CKDatabase+Rx.swift"; sourceTree = "<group>"; };
		A275AC6A203E7D9100DC6CF4 /* MockAddStopContractView.swift */ = {isa = PBXFileReference; lastKnownFileType = sourcecode.swift; path = MockAddStopContractView.swift; sourceTree = "<group>"; };
		A276BE81200C6FB20069CCA8 /* CoreLocation.framework */ = {isa = PBXFileReference; lastKnownFileType = wrapper.framework; name = CoreLocation.framework; path = System/Library/Frameworks/CoreLocation.framework; sourceTree = SDKROOT; };
		A27BC0D92018575D00E94BD2 /* Extensions.swift */ = {isa = PBXFileReference; lastKnownFileType = sourcecode.swift; path = Extensions.swift; sourceTree = "<group>"; };
		A2A69BE0200DB595006DBED8 /* StopDetailViewController.swift */ = {isa = PBXFileReference; lastKnownFileType = sourcecode.swift; path = StopDetailViewController.swift; sourceTree = "<group>"; };
		A2AB951D202E82EE0012D8B4 /* AddStopContract.swift */ = {isa = PBXFileReference; lastKnownFileType = sourcecode.swift; path = AddStopContract.swift; sourceTree = "<group>"; };
		A2AB951F202E84410012D8B4 /* AddStopPresenter.swift */ = {isa = PBXFileReference; lastKnownFileType = sourcecode.swift; path = AddStopPresenter.swift; sourceTree = "<group>"; };
		A2B7C8971FC526100012167F /* Fuel.app */ = {isa = PBXFileReference; explicitFileType = wrapper.application; includeInIndex = 0; path = Fuel.app; sourceTree = BUILT_PRODUCTS_DIR; };
		A2B7C89A1FC526100012167F /* AppDelegate.swift */ = {isa = PBXFileReference; lastKnownFileType = sourcecode.swift; path = AppDelegate.swift; sourceTree = "<group>"; };
		A2B7C89C1FC526100012167F /* OverviewViewController.swift */ = {isa = PBXFileReference; lastKnownFileType = sourcecode.swift; path = OverviewViewController.swift; sourceTree = "<group>"; };
		A2B7C89E1FC526100012167F /* AddStopViewController.swift */ = {isa = PBXFileReference; lastKnownFileType = sourcecode.swift; path = AddStopViewController.swift; sourceTree = "<group>"; };
		A2B7C8A11FC526100012167F /* Base */ = {isa = PBXFileReference; lastKnownFileType = file.storyboard; name = Base; path = Base.lproj/Main.storyboard; sourceTree = "<group>"; };
		A2B7C8A31FC526100012167F /* Assets.xcassets */ = {isa = PBXFileReference; lastKnownFileType = folder.assetcatalog; path = Assets.xcassets; sourceTree = "<group>"; };
		A2B7C8A61FC526100012167F /* Base */ = {isa = PBXFileReference; lastKnownFileType = file.storyboard; name = Base; path = Base.lproj/LaunchScreen.storyboard; sourceTree = "<group>"; };
		A2B7C8A81FC526100012167F /* Info.plist */ = {isa = PBXFileReference; lastKnownFileType = text.plist.xml; path = Info.plist; sourceTree = "<group>"; };
		A2B7C8AD1FC526100012167F /* FuelTests.xctest */ = {isa = PBXFileReference; explicitFileType = wrapper.cfbundle; includeInIndex = 0; path = FuelTests.xctest; sourceTree = BUILT_PRODUCTS_DIR; };
		A2B7C8B11FC526100012167F /* FuelTests.swift */ = {isa = PBXFileReference; lastKnownFileType = sourcecode.swift; path = FuelTests.swift; sourceTree = "<group>"; };
		A2B7C8B31FC526100012167F /* Info.plist */ = {isa = PBXFileReference; lastKnownFileType = text.plist.xml; path = Info.plist; sourceTree = "<group>"; };
		A2B7C8B81FC526100012167F /* FuelUITests.xctest */ = {isa = PBXFileReference; explicitFileType = wrapper.cfbundle; includeInIndex = 0; path = FuelUITests.xctest; sourceTree = BUILT_PRODUCTS_DIR; };
		A2B7C8BC1FC526100012167F /* FuelUITests.swift */ = {isa = PBXFileReference; lastKnownFileType = sourcecode.swift; path = FuelUITests.swift; sourceTree = "<group>"; };
		A2B7C8BE1FC526100012167F /* Info.plist */ = {isa = PBXFileReference; lastKnownFileType = text.plist.xml; path = Info.plist; sourceTree = "<group>"; };
		A2B7C8CB1FC5337C0012167F /* MapKit.framework */ = {isa = PBXFileReference; lastKnownFileType = wrapper.framework; name = MapKit.framework; path = System/Library/Frameworks/MapKit.framework; sourceTree = SDKROOT; };
		A2C842F01FEF5B330068BFAC /* OverviewContract.swift */ = {isa = PBXFileReference; lastKnownFileType = sourcecode.swift; path = OverviewContract.swift; sourceTree = "<group>"; };
		A2E7B8F42058D6B5002BCC12 /* RxTest.framework */ = {isa = PBXFileReference; lastKnownFileType = wrapper.framework; name = RxTest.framework; path = Carthage/Build/iOS/RxTest.framework; sourceTree = "<group>"; };
		A2E7B8F52058D6B5002BCC12 /* RxBlocking.framework */ = {isa = PBXFileReference; lastKnownFileType = wrapper.framework; name = RxBlocking.framework; path = Carthage/Build/iOS/RxBlocking.framework; sourceTree = "<group>"; };
		A2E7B8F62058D6B5002BCC12 /* RxSwift.framework */ = {isa = PBXFileReference; lastKnownFileType = wrapper.framework; name = RxSwift.framework; path = Carthage/Build/iOS/RxSwift.framework; sourceTree = "<group>"; };
		A2E7B8F72058D6B6002BCC12 /* RxCocoa.framework */ = {isa = PBXFileReference; lastKnownFileType = wrapper.framework; name = RxCocoa.framework; path = Carthage/Build/iOS/RxCocoa.framework; sourceTree = "<group>"; };
		A2EFB6281FEB60A300AE7A98 /* OverviewPresenter.swift */ = {isa = PBXFileReference; lastKnownFileType = sourcecode.swift; path = OverviewPresenter.swift; sourceTree = "<group>"; };
/* End PBXFileReference section */

/* Begin PBXFrameworksBuildPhase section */
		A2B7C8941FC526100012167F /* Frameworks */ = {
			isa = PBXFrameworksBuildPhase;
			buildActionMask = 2147483647;
			files = (
				A276BE82200C6FB20069CCA8 /* CoreLocation.framework in Frameworks */,
				A2435C5C2055ABEB00EC990F /* CloudKit.framework in Frameworks */,
				A2E7B8F92058D6B6002BCC12 /* RxBlocking.framework in Frameworks */,
				A2E7B8FA2058D6B6002BCC12 /* RxSwift.framework in Frameworks */,
				A2E7B8FB2058D6B6002BCC12 /* RxCocoa.framework in Frameworks */,
				A22334E12277F6930091FEA9 /* Swinject.framework in Frameworks */,
				A22334E22277F6930091FEA9 /* SwinjectAutoregistration.framework in Frameworks */,
			);
			runOnlyForDeploymentPostprocessing = 0;
		};
		A2B7C8AA1FC526100012167F /* Frameworks */ = {
			isa = PBXFrameworksBuildPhase;
			buildActionMask = 2147483647;
			files = (
				A21AEC2620BB9C22007180C1 /* RxBlocking.framework in Frameworks */,
				A21AEC2320BB9BD4007180C1 /* RxCocoa.framework in Frameworks */,
				A21AEC2420BB9BD4007180C1 /* RxSwift.framework in Frameworks */,
				A21AEC2220BB9BBB007180C1 /* CoreLocation.framework in Frameworks */,
				A21AEC2120BB9BB1007180C1 /* CloudKit.framework in Frameworks */,
			);
			runOnlyForDeploymentPostprocessing = 0;
		};
		A2B7C8B51FC526100012167F /* Frameworks */ = {
			isa = PBXFrameworksBuildPhase;
			buildActionMask = 2147483647;
			files = (
			);
			runOnlyForDeploymentPostprocessing = 0;
		};
/* End PBXFrameworksBuildPhase section */

/* Begin PBXGroup section */
		A2B7C88E1FC526100012167F = {
			isa = PBXGroup;
			children = (
				A242C26B20A13F0300C46F78 /* LICENSES.md */,
				A2B7C8991FC526100012167F /* Fuel */,
				A2B7C8B01FC526100012167F /* FuelTests */,
				A2B7C8BB1FC526100012167F /* FuelUITests */,
				A2B7C8981FC526100012167F /* Products */,
				A2B7C8CA1FC5337B0012167F /* Frameworks */,
			);
			sourceTree = "<group>";
		};
		A2B7C8981FC526100012167F /* Products */ = {
			isa = PBXGroup;
			children = (
				A2B7C8971FC526100012167F /* Fuel.app */,
				A2B7C8AD1FC526100012167F /* FuelTests.xctest */,
				A2B7C8B81FC526100012167F /* FuelUITests.xctest */,
			);
			name = Products;
			sourceTree = "<group>";
		};
		A2B7C8991FC526100012167F /* Fuel */ = {
			isa = PBXGroup;
			children = (
				A2435C5A2055ABAD00EC990F /* Fuel.entitlements */,
				A2B7C89A1FC526100012167F /* AppDelegate.swift */,
				A26E5EE01FD4CF8700865521 /* 2016-VW-Jetta-Fuel-Tracking.csv */,
				A2C842F01FEF5B330068BFAC /* OverviewContract.swift */,
				A2EFB6281FEB60A300AE7A98 /* OverviewPresenter.swift */,
				A2B7C89C1FC526100012167F /* OverviewViewController.swift */,
				A250C6B11FECB0230025A962 /* OverviewStopTableCell.swift */,
				A25DDFFA201AEB84000F34CB /* FABView.swift */,
				A2AB951D202E82EE0012D8B4 /* AddStopContract.swift */,
				A2AB951F202E84410012D8B4 /* AddStopPresenter.swift */,
				A2B7C89E1FC526100012167F /* AddStopViewController.swift */,
				A2B7C8A01FC526100012167F /* Main.storyboard */,
				A2B7C8A31FC526100012167F /* Assets.xcassets */,
				A2B7C8A51FC526100012167F /* LaunchScreen.storyboard */,
				A2B7C8A81FC526100012167F /* Info.plist */,
				A2435C5D2055D6EA00EC990F /* FuelStop.swift */,
				A266444E1FD3269A000DDFED /* FuelStopsDataManager.swift */,
				A21AEC1D20BB9AB6007180C1 /* FuelStopsDataManagerContract.swift */,
				A2A69BE0200DB595006DBED8 /* StopDetailViewController.swift */,
				A22D93E42016E0C4008D6254 /* StopDetailPresentationAnimator.swift */,
				A22D93E02016D8FC008D6254 /* StopDetailPresentationController.swift */,
				A22D93E22016D9CC008D6254 /* StopDetailPresentationManager.swift */,
				A27BC0D92018575D00E94BD2 /* Extensions.swift */,
				A26FCEAD21AF95D100D9CE41 /* CKDatabase+Rx.swift */,
			);
			path = Fuel;
			sourceTree = "<group>";
		};
		A2B7C8B01FC526100012167F /* FuelTests */ = {
			isa = PBXGroup;
			children = (
				A2B7C8B11FC526100012167F /* FuelTests.swift */,
				A2B7C8B31FC526100012167F /* Info.plist */,
				A26B1FE8203CFB1000E5BA22 /* MockOverviewContractView.swift */,
				A21AEC1F20BB9B76007180C1 /* MockFuelStopsDataManager.swift */,
				A275AC6A203E7D9100DC6CF4 /* MockAddStopContractView.swift */,
				A23D59012293AAF3002CAEEF /* AddStopTests.swift */,
			);
			path = FuelTests;
			sourceTree = "<group>";
		};
		A2B7C8BB1FC526100012167F /* FuelUITests */ = {
			isa = PBXGroup;
			children = (
				A2B7C8BC1FC526100012167F /* FuelUITests.swift */,
				A2B7C8BE1FC526100012167F /* Info.plist */,
			);
			path = FuelUITests;
			sourceTree = "<group>";
		};
		A2B7C8CA1FC5337B0012167F /* Frameworks */ = {
			isa = PBXGroup;
			children = (
				A22334DF2277F6920091FEA9 /* Swinject.framework */,
				A22334E02277F6930091FEA9 /* SwinjectAutoregistration.framework */,
				A220B211215F47FA002DF784 /* UIKit.framework */,
				A231CA1A20E33BC500DCB275 /* RxCloudKit.framework */,
				A26FA50E207DA78500E8AE81 /* SkyFloatingLabelTextField.framework */,
				A2E7B8F52058D6B5002BCC12 /* RxBlocking.framework */,
				A2E7B8F72058D6B6002BCC12 /* RxCocoa.framework */,
				A2E7B8F62058D6B5002BCC12 /* RxSwift.framework */,
				A2E7B8F42058D6B5002BCC12 /* RxTest.framework */,
				A2435C5B2055ABEB00EC990F /* CloudKit.framework */,
				A276BE81200C6FB20069CCA8 /* CoreLocation.framework */,
				A26644501FD32883000DDFED /* CoreData.framework */,
				A2B7C8CB1FC5337C0012167F /* MapKit.framework */,
			);
			name = Frameworks;
			sourceTree = "<group>";
		};
/* End PBXGroup section */

/* Begin PBXNativeTarget section */
		A2B7C8961FC526100012167F /* Fuel */ = {
			isa = PBXNativeTarget;
			buildConfigurationList = A2B7C8C11FC526100012167F /* Build configuration list for PBXNativeTarget "Fuel" */;
			buildPhases = (
				A2B7C8931FC526100012167F /* Sources */,
				A2B7C8941FC526100012167F /* Frameworks */,
				A2B7C8951FC526100012167F /* Resources */,
				A2E7B8FD2058D77A002BCC12 /* ShellScript */,
			);
			buildRules = (
			);
			dependencies = (
			);
			name = Fuel;
			productName = Fuel;
			productReference = A2B7C8971FC526100012167F /* Fuel.app */;
			productType = "com.apple.product-type.application";
		};
		A2B7C8AC1FC526100012167F /* FuelTests */ = {
			isa = PBXNativeTarget;
			buildConfigurationList = A2B7C8C41FC526100012167F /* Build configuration list for PBXNativeTarget "FuelTests" */;
			buildPhases = (
				A2B7C8A91FC526100012167F /* Sources */,
				A2B7C8AA1FC526100012167F /* Frameworks */,
				A2B7C8AB1FC526100012167F /* Resources */,
			);
			buildRules = (
			);
			dependencies = (
				A2B7C8AF1FC526100012167F /* PBXTargetDependency */,
			);
			name = FuelTests;
			productName = FuelTests;
			productReference = A2B7C8AD1FC526100012167F /* FuelTests.xctest */;
			productType = "com.apple.product-type.bundle.unit-test";
		};
		A2B7C8B71FC526100012167F /* FuelUITests */ = {
			isa = PBXNativeTarget;
			buildConfigurationList = A2B7C8C71FC526100012167F /* Build configuration list for PBXNativeTarget "FuelUITests" */;
			buildPhases = (
				A2B7C8B41FC526100012167F /* Sources */,
				A2B7C8B51FC526100012167F /* Frameworks */,
				A2B7C8B61FC526100012167F /* Resources */,
			);
			buildRules = (
			);
			dependencies = (
				A2B7C8BA1FC526100012167F /* PBXTargetDependency */,
			);
			name = FuelUITests;
			productName = FuelUITests;
			productReference = A2B7C8B81FC526100012167F /* FuelUITests.xctest */;
			productType = "com.apple.product-type.bundle.ui-testing";
		};
/* End PBXNativeTarget section */

/* Begin PBXProject section */
		A2B7C88F1FC526100012167F /* Project object */ = {
			isa = PBXProject;
			attributes = {
				LastSwiftUpdateCheck = 0910;
				LastUpgradeCheck = 0930;
				ORGANIZATIONNAME = "Brad Leege";
				TargetAttributes = {
					A2B7C8961FC526100012167F = {
						CreatedOnToolsVersion = 9.1;
						ProvisioningStyle = Automatic;
						SystemCapabilities = {
							com.apple.Push = {
								enabled = 1;
							};
							com.apple.iCloud = {
								enabled = 1;
							};
						};
					};
					A2B7C8AC1FC526100012167F = {
						CreatedOnToolsVersion = 9.1;
						ProvisioningStyle = Automatic;
						TestTargetID = A2B7C8961FC526100012167F;
					};
					A2B7C8B71FC526100012167F = {
						CreatedOnToolsVersion = 9.1;
						ProvisioningStyle = Automatic;
						TestTargetID = A2B7C8961FC526100012167F;
					};
				};
			};
			buildConfigurationList = A2B7C8921FC526100012167F /* Build configuration list for PBXProject "Fuel" */;
			compatibilityVersion = "Xcode 8.0";
			developmentRegion = en;
			hasScannedForEncodings = 0;
			knownRegions = (
				en,
				Base,
			);
			mainGroup = A2B7C88E1FC526100012167F;
			productRefGroup = A2B7C8981FC526100012167F /* Products */;
			projectDirPath = "";
			projectRoot = "";
			targets = (
				A2B7C8961FC526100012167F /* Fuel */,
				A2B7C8AC1FC526100012167F /* FuelTests */,
				A2B7C8B71FC526100012167F /* FuelUITests */,
			);
		};
/* End PBXProject section */

/* Begin PBXResourcesBuildPhase section */
		A2B7C8951FC526100012167F /* Resources */ = {
			isa = PBXResourcesBuildPhase;
			buildActionMask = 2147483647;
			files = (
				A2B7C8A71FC526100012167F /* LaunchScreen.storyboard in Resources */,
				A2B7C8A41FC526100012167F /* Assets.xcassets in Resources */,
				A26E5EE11FD4CF8700865521 /* 2016-VW-Jetta-Fuel-Tracking.csv in Resources */,
				A2B7C8A21FC526100012167F /* Main.storyboard in Resources */,
			);
			runOnlyForDeploymentPostprocessing = 0;
		};
		A2B7C8AB1FC526100012167F /* Resources */ = {
			isa = PBXResourcesBuildPhase;
			buildActionMask = 2147483647;
			files = (
			);
			runOnlyForDeploymentPostprocessing = 0;
		};
		A2B7C8B61FC526100012167F /* Resources */ = {
			isa = PBXResourcesBuildPhase;
			buildActionMask = 2147483647;
			files = (
			);
			runOnlyForDeploymentPostprocessing = 0;
		};
/* End PBXResourcesBuildPhase section */

/* Begin PBXShellScriptBuildPhase section */
		A2E7B8FD2058D77A002BCC12 /* ShellScript */ = {
			isa = PBXShellScriptBuildPhase;
			buildActionMask = 2147483647;
			files = (
			);
			inputPaths = (
				"$(SRCROOT)/Carthage/Build/iOS/RxBlocking.framework",
				"$(SRCROOT)/Carthage/Build/iOS/RxCocoa.framework",
				"$(SRCROOT)/Carthage/Build/iOS/RxSwift.framework",
				"$(SRCROOT)/Carthage/Build/iOS/Swinject.framework",
				"$(SRCROOT)/Carthage/Build/iOS/SwinjectAutoregistration.framework",
			);
			outputPaths = (
				"$(DERIVED_FILE_DIR)/$(FRAMEWORKS_FOLDER_PATH)/RxBlocking.framework",
				"$(DERIVED_FILE_DIR)/$(FRAMEWORKS_FOLDER_PATH)/RxCocoa.framework",
				"$(DERIVED_FILE_DIR)/$(FRAMEWORKS_FOLDER_PATH)/RxSwift.framework",
				"$(DERIVED_FILE_DIR)/$(FRAMEWORKS_FOLDER_PATH)/Swinject.framework",
				"$(DERIVED_FILE_DIR)/$(FRAMEWORKS_FOLDER_PATH)/SwinjectAutoregistration.framework",
			);
			runOnlyForDeploymentPostprocessing = 0;
			shellPath = /bin/sh;
			shellScript = "/usr/local/bin/carthage copy-frameworks\n";
		};
/* End PBXShellScriptBuildPhase section */

/* Begin PBXSourcesBuildPhase section */
		A2B7C8931FC526100012167F /* Sources */ = {
			isa = PBXSourcesBuildPhase;
			buildActionMask = 2147483647;
			files = (
				A2B7C89F1FC526100012167F /* AddStopViewController.swift in Sources */,
				A2B7C89B1FC526100012167F /* AppDelegate.swift in Sources */,
				A26FCEAE21AF95D100D9CE41 /* CKDatabase+Rx.swift in Sources */,
				A2B7C89D1FC526100012167F /* OverviewViewController.swift in Sources */,
				A22D93E52016E0C4008D6254 /* StopDetailPresentationAnimator.swift in Sources */,
				A266444F1FD3269A000DDFED /* FuelStopsDataManager.swift in Sources */,
				A2EFB6291FEB60A300AE7A98 /* OverviewPresenter.swift in Sources */,
				A22D93E12016D8FC008D6254 /* StopDetailPresentationController.swift in Sources */,
				A21AEC1E20BB9AB7007180C1 /* FuelStopsDataManagerContract.swift in Sources */,
				A2AB9520202E84410012D8B4 /* AddStopPresenter.swift in Sources */,
				A25DDFFB201AEB84000F34CB /* FABView.swift in Sources */,
				A27BC0DA2018575D00E94BD2 /* Extensions.swift in Sources */,
				A2A69BE1200DB595006DBED8 /* StopDetailViewController.swift in Sources */,
				A2AB951E202E82EE0012D8B4 /* AddStopContract.swift in Sources */,
				A2C842F11FEF5B330068BFAC /* OverviewContract.swift in Sources */,
				A2435C5E2055D6EA00EC990F /* FuelStop.swift in Sources */,
				A250C6B21FECB0230025A962 /* OverviewStopTableCell.swift in Sources */,
				A22D93E32016D9CC008D6254 /* StopDetailPresentationManager.swift in Sources */,
			);
			runOnlyForDeploymentPostprocessing = 0;
		};
		A2B7C8A91FC526100012167F /* Sources */ = {
			isa = PBXSourcesBuildPhase;
			buildActionMask = 2147483647;
			files = (
				A275AC6B203E7D9100DC6CF4 /* MockAddStopContractView.swift in Sources */,
				A23D59022293AAF3002CAEEF /* AddStopTests.swift in Sources */,
				A21AEC2020BB9B76007180C1 /* MockFuelStopsDataManager.swift in Sources */,
				A26B1FE9203CFB1000E5BA22 /* MockOverviewContractView.swift in Sources */,
				A2B7C8B21FC526100012167F /* FuelTests.swift in Sources */,
			);
			runOnlyForDeploymentPostprocessing = 0;
		};
		A2B7C8B41FC526100012167F /* Sources */ = {
			isa = PBXSourcesBuildPhase;
			buildActionMask = 2147483647;
			files = (
				A2B7C8BD1FC526100012167F /* FuelUITests.swift in Sources */,
			);
			runOnlyForDeploymentPostprocessing = 0;
		};
/* End PBXSourcesBuildPhase section */

/* Begin PBXTargetDependency section */
		A2B7C8AF1FC526100012167F /* PBXTargetDependency */ = {
			isa = PBXTargetDependency;
			target = A2B7C8961FC526100012167F /* Fuel */;
			targetProxy = A2B7C8AE1FC526100012167F /* PBXContainerItemProxy */;
		};
		A2B7C8BA1FC526100012167F /* PBXTargetDependency */ = {
			isa = PBXTargetDependency;
			target = A2B7C8961FC526100012167F /* Fuel */;
			targetProxy = A2B7C8B91FC526100012167F /* PBXContainerItemProxy */;
		};
/* End PBXTargetDependency section */

/* Begin PBXVariantGroup section */
		A2B7C8A01FC526100012167F /* Main.storyboard */ = {
			isa = PBXVariantGroup;
			children = (
				A2B7C8A11FC526100012167F /* Base */,
			);
			name = Main.storyboard;
			sourceTree = "<group>";
		};
		A2B7C8A51FC526100012167F /* LaunchScreen.storyboard */ = {
			isa = PBXVariantGroup;
			children = (
				A2B7C8A61FC526100012167F /* Base */,
			);
			name = LaunchScreen.storyboard;
			sourceTree = "<group>";
		};
/* End PBXVariantGroup section */

/* Begin XCBuildConfiguration section */
		A2B7C8BF1FC526100012167F /* Debug */ = {
			isa = XCBuildConfiguration;
			buildSettings = {
				ALWAYS_SEARCH_USER_PATHS = NO;
				CLANG_ANALYZER_NONNULL = YES;
				CLANG_ANALYZER_NUMBER_OBJECT_CONVERSION = YES_AGGRESSIVE;
				CLANG_CXX_LANGUAGE_STANDARD = "gnu++14";
				CLANG_CXX_LIBRARY = "libc++";
				CLANG_ENABLE_MODULES = YES;
				CLANG_ENABLE_OBJC_ARC = YES;
				CLANG_WARN_BLOCK_CAPTURE_AUTORELEASING = YES;
				CLANG_WARN_BOOL_CONVERSION = YES;
				CLANG_WARN_COMMA = YES;
				CLANG_WARN_CONSTANT_CONVERSION = YES;
				CLANG_WARN_DEPRECATED_OBJC_IMPLEMENTATIONS = YES;
				CLANG_WARN_DIRECT_OBJC_ISA_USAGE = YES_ERROR;
				CLANG_WARN_DOCUMENTATION_COMMENTS = YES;
				CLANG_WARN_EMPTY_BODY = YES;
				CLANG_WARN_ENUM_CONVERSION = YES;
				CLANG_WARN_INFINITE_RECURSION = YES;
				CLANG_WARN_INT_CONVERSION = YES;
				CLANG_WARN_NON_LITERAL_NULL_CONVERSION = YES;
				CLANG_WARN_OBJC_IMPLICIT_RETAIN_SELF = YES;
				CLANG_WARN_OBJC_LITERAL_CONVERSION = YES;
				CLANG_WARN_OBJC_ROOT_CLASS = YES_ERROR;
				CLANG_WARN_RANGE_LOOP_ANALYSIS = YES;
				CLANG_WARN_STRICT_PROTOTYPES = YES;
				CLANG_WARN_SUSPICIOUS_MOVE = YES;
				CLANG_WARN_UNGUARDED_AVAILABILITY = YES_AGGRESSIVE;
				CLANG_WARN_UNREACHABLE_CODE = YES;
				CLANG_WARN__DUPLICATE_METHOD_MATCH = YES;
				CODE_SIGN_IDENTITY = "iPhone Developer";
				COPY_PHASE_STRIP = NO;
				DEBUG_INFORMATION_FORMAT = dwarf;
				ENABLE_STRICT_OBJC_MSGSEND = YES;
				ENABLE_TESTABILITY = YES;
				GCC_C_LANGUAGE_STANDARD = gnu11;
				GCC_DYNAMIC_NO_PIC = NO;
				GCC_NO_COMMON_BLOCKS = YES;
				GCC_OPTIMIZATION_LEVEL = 0;
				GCC_PREPROCESSOR_DEFINITIONS = (
					"DEBUG=1",
					"$(inherited)",
				);
				GCC_WARN_64_TO_32_BIT_CONVERSION = YES;
				GCC_WARN_ABOUT_RETURN_TYPE = YES_ERROR;
				GCC_WARN_UNDECLARED_SELECTOR = YES;
				GCC_WARN_UNINITIALIZED_AUTOS = YES_AGGRESSIVE;
				GCC_WARN_UNUSED_FUNCTION = YES;
				GCC_WARN_UNUSED_VARIABLE = YES;
				IPHONEOS_DEPLOYMENT_TARGET = 12.0;
				MTL_ENABLE_DEBUG_INFO = YES;
				ONLY_ACTIVE_ARCH = YES;
				SDKROOT = iphoneos;
				SWIFT_ACTIVE_COMPILATION_CONDITIONS = DEBUG;
				SWIFT_OPTIMIZATION_LEVEL = "-Onone";
			};
			name = Debug;
		};
		A2B7C8C01FC526100012167F /* Release */ = {
			isa = XCBuildConfiguration;
			buildSettings = {
				ALWAYS_SEARCH_USER_PATHS = NO;
				CLANG_ANALYZER_NONNULL = YES;
				CLANG_ANALYZER_NUMBER_OBJECT_CONVERSION = YES_AGGRESSIVE;
				CLANG_CXX_LANGUAGE_STANDARD = "gnu++14";
				CLANG_CXX_LIBRARY = "libc++";
				CLANG_ENABLE_MODULES = YES;
				CLANG_ENABLE_OBJC_ARC = YES;
				CLANG_WARN_BLOCK_CAPTURE_AUTORELEASING = YES;
				CLANG_WARN_BOOL_CONVERSION = YES;
				CLANG_WARN_COMMA = YES;
				CLANG_WARN_CONSTANT_CONVERSION = YES;
				CLANG_WARN_DEPRECATED_OBJC_IMPLEMENTATIONS = YES;
				CLANG_WARN_DIRECT_OBJC_ISA_USAGE = YES_ERROR;
				CLANG_WARN_DOCUMENTATION_COMMENTS = YES;
				CLANG_WARN_EMPTY_BODY = YES;
				CLANG_WARN_ENUM_CONVERSION = YES;
				CLANG_WARN_INFINITE_RECURSION = YES;
				CLANG_WARN_INT_CONVERSION = YES;
				CLANG_WARN_NON_LITERAL_NULL_CONVERSION = YES;
				CLANG_WARN_OBJC_IMPLICIT_RETAIN_SELF = YES;
				CLANG_WARN_OBJC_LITERAL_CONVERSION = YES;
				CLANG_WARN_OBJC_ROOT_CLASS = YES_ERROR;
				CLANG_WARN_RANGE_LOOP_ANALYSIS = YES;
				CLANG_WARN_STRICT_PROTOTYPES = YES;
				CLANG_WARN_SUSPICIOUS_MOVE = YES;
				CLANG_WARN_UNGUARDED_AVAILABILITY = YES_AGGRESSIVE;
				CLANG_WARN_UNREACHABLE_CODE = YES;
				CLANG_WARN__DUPLICATE_METHOD_MATCH = YES;
				CODE_SIGN_IDENTITY = "iPhone Developer";
				COPY_PHASE_STRIP = NO;
				DEBUG_INFORMATION_FORMAT = "dwarf-with-dsym";
				ENABLE_NS_ASSERTIONS = NO;
				ENABLE_STRICT_OBJC_MSGSEND = YES;
				GCC_C_LANGUAGE_STANDARD = gnu11;
				GCC_NO_COMMON_BLOCKS = YES;
				GCC_WARN_64_TO_32_BIT_CONVERSION = YES;
				GCC_WARN_ABOUT_RETURN_TYPE = YES_ERROR;
				GCC_WARN_UNDECLARED_SELECTOR = YES;
				GCC_WARN_UNINITIALIZED_AUTOS = YES_AGGRESSIVE;
				GCC_WARN_UNUSED_FUNCTION = YES;
				GCC_WARN_UNUSED_VARIABLE = YES;
				IPHONEOS_DEPLOYMENT_TARGET = 12.0;
				MTL_ENABLE_DEBUG_INFO = NO;
				SDKROOT = iphoneos;
				SWIFT_OPTIMIZATION_LEVEL = "-Owholemodule";
				VALIDATE_PRODUCT = YES;
			};
			name = Release;
		};
		A2B7C8C21FC526100012167F /* Debug */ = {
			isa = XCBuildConfiguration;
			buildSettings = {
				ASSETCATALOG_COMPILER_APPICON_NAME = AppIcon;
				CODE_SIGN_ENTITLEMENTS = Fuel/Fuel.entitlements;
				CODE_SIGN_STYLE = Automatic;
				DEVELOPMENT_TEAM = 98VS3NV9WE;
				FRAMEWORK_SEARCH_PATHS = (
					"$(inherited)",
					"$(PROJECT_DIR)/Carthage/Build/iOS",
				);
				INFOPLIST_FILE = Fuel/Info.plist;
				IPHONEOS_DEPLOYMENT_TARGET = 12.0;
				LD_RUNPATH_SEARCH_PATHS = "$(inherited) @executable_path/Frameworks";
				PRODUCT_BUNDLE_IDENTIFIER = io.leege.Fuel;
				PRODUCT_NAME = "$(TARGET_NAME)";
				SWIFT_VERSION = 4.0;
				TARGETED_DEVICE_FAMILY = "1,2";
			};
			name = Debug;
		};
		A2B7C8C31FC526100012167F /* Release */ = {
			isa = XCBuildConfiguration;
			buildSettings = {
				ASSETCATALOG_COMPILER_APPICON_NAME = AppIcon;
				CODE_SIGN_ENTITLEMENTS = Fuel/Fuel.entitlements;
				CODE_SIGN_STYLE = Automatic;
				DEVELOPMENT_TEAM = 98VS3NV9WE;
				FRAMEWORK_SEARCH_PATHS = (
					"$(inherited)",
					"$(PROJECT_DIR)/Carthage/Build/iOS",
				);
				INFOPLIST_FILE = Fuel/Info.plist;
				IPHONEOS_DEPLOYMENT_TARGET = 12.0;
				LD_RUNPATH_SEARCH_PATHS = "$(inherited) @executable_path/Frameworks";
				PRODUCT_BUNDLE_IDENTIFIER = io.leege.Fuel;
				PRODUCT_NAME = "$(TARGET_NAME)";
				SWIFT_VERSION = 4.0;
				TARGETED_DEVICE_FAMILY = "1,2";
			};
			name = Release;
		};
		A2B7C8C51FC526100012167F /* Debug */ = {
			isa = XCBuildConfiguration;
			buildSettings = {
				ALWAYS_EMBED_SWIFT_STANDARD_LIBRARIES = YES;
				BUNDLE_LOADER = "$(TEST_HOST)";
				CODE_SIGN_STYLE = Automatic;
				DEVELOPMENT_TEAM = 98VS3NV9WE;
				FRAMEWORK_SEARCH_PATHS = (
					"$(inherited)",
					"$(PROJECT_DIR)/Carthage/Build/iOS",
				);
				INFOPLIST_FILE = FuelTests/Info.plist;
				LD_RUNPATH_SEARCH_PATHS = "$(inherited) @executable_path/Frameworks @loader_path/Frameworks";
				PRODUCT_BUNDLE_IDENTIFIER = io.leege.FuelTests;
				PRODUCT_NAME = "$(TARGET_NAME)";
				SWIFT_VERSION = 4.0;
				TARGETED_DEVICE_FAMILY = "1,2";
				TEST_HOST = "$(BUILT_PRODUCTS_DIR)/Fuel.app/Fuel";
			};
			name = Debug;
		};
		A2B7C8C61FC526100012167F /* Release */ = {
			isa = XCBuildConfiguration;
			buildSettings = {
				ALWAYS_EMBED_SWIFT_STANDARD_LIBRARIES = YES;
				BUNDLE_LOADER = "$(TEST_HOST)";
				CODE_SIGN_STYLE = Automatic;
				DEVELOPMENT_TEAM = 98VS3NV9WE;
				FRAMEWORK_SEARCH_PATHS = (
					"$(inherited)",
					"$(PROJECT_DIR)/Carthage/Build/iOS",
				);
				INFOPLIST_FILE = FuelTests/Info.plist;
				LD_RUNPATH_SEARCH_PATHS = "$(inherited) @executable_path/Frameworks @loader_path/Frameworks";
				PRODUCT_BUNDLE_IDENTIFIER = io.leege.FuelTests;
				PRODUCT_NAME = "$(TARGET_NAME)";
				SWIFT_VERSION = 4.0;
				TARGETED_DEVICE_FAMILY = "1,2";
				TEST_HOST = "$(BUILT_PRODUCTS_DIR)/Fuel.app/Fuel";
			};
			name = Release;
		};
		A2B7C8C81FC526100012167F /* Debug */ = {
			isa = XCBuildConfiguration;
			buildSettings = {
				ALWAYS_EMBED_SWIFT_STANDARD_LIBRARIES = YES;
				CODE_SIGN_STYLE = Automatic;
				DEVELOPMENT_TEAM = 98VS3NV9WE;
				INFOPLIST_FILE = FuelUITests/Info.plist;
				LD_RUNPATH_SEARCH_PATHS = "$(inherited) @executable_path/Frameworks @loader_path/Frameworks";
				PRODUCT_BUNDLE_IDENTIFIER = io.leege.FuelUITests;
				PRODUCT_NAME = "$(TARGET_NAME)";
				SWIFT_VERSION = 4.0;
				TARGETED_DEVICE_FAMILY = "1,2";
				TEST_TARGET_NAME = Fuel;
			};
			name = Debug;
		};
		A2B7C8C91FC526100012167F /* Release */ = {
			isa = XCBuildConfiguration;
			buildSettings = {
				ALWAYS_EMBED_SWIFT_STANDARD_LIBRARIES = YES;
				CODE_SIGN_STYLE = Automatic;
				DEVELOPMENT_TEAM = 98VS3NV9WE;
				INFOPLIST_FILE = FuelUITests/Info.plist;
				LD_RUNPATH_SEARCH_PATHS = "$(inherited) @executable_path/Frameworks @loader_path/Frameworks";
				PRODUCT_BUNDLE_IDENTIFIER = io.leege.FuelUITests;
				PRODUCT_NAME = "$(TARGET_NAME)";
				SWIFT_VERSION = 4.0;
				TARGETED_DEVICE_FAMILY = "1,2";
				TEST_TARGET_NAME = Fuel;
			};
			name = Release;
		};
/* End XCBuildConfiguration section */

/* Begin XCConfigurationList section */
		A2B7C8921FC526100012167F /* Build configuration list for PBXProject "Fuel" */ = {
			isa = XCConfigurationList;
			buildConfigurations = (
				A2B7C8BF1FC526100012167F /* Debug */,
				A2B7C8C01FC526100012167F /* Release */,
			);
			defaultConfigurationIsVisible = 0;
			defaultConfigurationName = Release;
		};
		A2B7C8C11FC526100012167F /* Build configuration list for PBXNativeTarget "Fuel" */ = {
			isa = XCConfigurationList;
			buildConfigurations = (
				A2B7C8C21FC526100012167F /* Debug */,
				A2B7C8C31FC526100012167F /* Release */,
			);
			defaultConfigurationIsVisible = 0;
			defaultConfigurationName = Release;
		};
		A2B7C8C41FC526100012167F /* Build configuration list for PBXNativeTarget "FuelTests" */ = {
			isa = XCConfigurationList;
			buildConfigurations = (
				A2B7C8C51FC526100012167F /* Debug */,
				A2B7C8C61FC526100012167F /* Release */,
			);
			defaultConfigurationIsVisible = 0;
			defaultConfigurationName = Release;
		};
		A2B7C8C71FC526100012167F /* Build configuration list for PBXNativeTarget "FuelUITests" */ = {
			isa = XCConfigurationList;
			buildConfigurations = (
				A2B7C8C81FC526100012167F /* Debug */,
				A2B7C8C91FC526100012167F /* Release */,
			);
			defaultConfigurationIsVisible = 0;
			defaultConfigurationName = Release;
		};
/* End XCConfigurationList section */
	};
	rootObject = A2B7C88F1FC526100012167F /* Project object */;
}
